
Microsoft Visual Studio Solution File, Format Version 12.00
# Visual Studio Version 16
VisualStudioVersion = 16.0.28803.352
MinimumVisualStudioVersion = 10.0.40219.1
Project("{9A19103F-16F7-4668-BE54-9A1E7A4F7556}") = "APIGateway", "src\APIGateways\APIGateway\APIGateway.csproj", "{87C9A20D-9587-4D6F-B35E-B4C161C86EA6}"
EndProject
Project("{9A19103F-16F7-4668-BE54-9A1E7A4F7556}") = "Identity.API", "src\Services\IdentityServerAsp\Identity.API.csproj", "{DD354EA8-7E5D-46B2-8AC3-9445D30E8F82}"
EndProject
Project("{2150E333-8FDC-42A3-9474-1A3956D46DE8}") = "BuildingBlocks", "BuildingBlocks", "{3E142215-3AE1-4BCE-8BB6-E947500874B9}"
EndProject
Project("{2150E333-8FDC-42A3-9474-1A3956D46DE8}") = "src", "src", "{907F031E-3C6E-4556-A0E9-75E06F7CB6A3}"
	ProjectSection(SolutionItems) = preProject
		Readme.txt = Readme.txt
	EndProjectSection
EndProject
Project("{9A19103F-16F7-4668-BE54-9A1E7A4F7556}") = "SharedLibraries", "src\BuildingBlocks\SharedLibraries\SharedLibraries.csproj", "{35D0E5B5-315A-4B2B-95AC-CCBA9170D10C}"
EndProject
Project("{2150E333-8FDC-42A3-9474-1A3956D46DE8}") = "Services", "Services", "{3C0E6879-BA17-476E-9292-18C43549D2F3}"
EndProject
Project("{2150E333-8FDC-42A3-9474-1A3956D46DE8}") = "ApiGateways", "ApiGateways", "{7E2AF28B-2137-400B-916B-77B3A72164FD}"
EndProject
Project("{2150E333-8FDC-42A3-9474-1A3956D46DE8}") = "WebApps", "WebApps", "{058DA973-1B46-4480-B1F5-D0AA67863D49}"
EndProject
Project("{9A19103F-16F7-4668-BE54-9A1E7A4F7556}") = "SignalRHub", "src\Services\SignalRHub\SignalRHub.csproj", "{514D5385-0445-4687-B80F-923E56CA8326}"
EndProject
Project("{2150E333-8FDC-42A3-9474-1A3956D46DE8}") = "EventBusProjects", "EventBusProjects", "{8B8CDD08-617C-4E01-BAED-4AB68B4CEED4}"
EndProject
Project("{9A19103F-16F7-4668-BE54-9A1E7A4F7556}") = "EventBus", "src\BuildingBlocks\EventBusProjects\EventBus\EventBus.csproj", "{2223B09A-07B2-4278-ABCD-696DC712E4FA}"
EndProject
Project("{9A19103F-16F7-4668-BE54-9A1E7A4F7556}") = "EventBusRabbitMQ", "src\BuildingBlocks\EventBusProjects\EventBusRabbitMQ\EventBusRabbitMQ.csproj", "{94AA9DAF-84F4-47B5-8EB8-BF0AF0471DF1}"
EndProject
Project("{9A19103F-16F7-4668-BE54-9A1E7A4F7556}") = "WebMVC", "src\WebApps\WebMVC\WebMVC.csproj", "{BBD96942-BA32-455B-801E-91DD87C6C391}"
EndProject
Project("{9A19103F-16F7-4668-BE54-9A1E7A4F7556}") = "Contact.API", "src\Services\Contacts\Contact.API\Contact.API.csproj", "{338E2674-DA78-4B0D-95E4-2C2E28D55107}"
EndProject
Project("{2150E333-8FDC-42A3-9474-1A3956D46DE8}") = "Contacts", "Contacts", "{FF7CD4B4-E737-4025-B352-42FEBF18B4D3}"
EndProject
Project("{2150E333-8FDC-42A3-9474-1A3956D46DE8}") = "tests", "tests", "{C219123B-739E-4EEC-87CC-BB10B4EFED51}"
EndProject
Project("{2150E333-8FDC-42A3-9474-1A3956D46DE8}") = "Identity", "Identity", "{A49227D9-BFE8-4CEC-BFBE-E5919DD5496A}"
EndProject
Project("{2150E333-8FDC-42A3-9474-1A3956D46DE8}") = "SignalR", "SignalR", "{B6DC6DE9-2A6E-45C2-ACF0-84F3C826BFD2}"
EndProject
Project("{9A19103F-16F7-4668-BE54-9A1E7A4F7556}") = "Contact.UnitTests", "src\Services\Contacts\tests\Contact.UnitTests\Contact.UnitTests.csproj", "{29EA3062-8401-412B-998B-1A870CDD6D2A}"
EndProject
Project("{9A19103F-16F7-4668-BE54-9A1E7A4F7556}") = "Form.API", "src\Services\Form\Form.API\Form.API.csproj", "{C3EEEDC8-B9EC-443F-8B78-FC9D8A68AE97}"
EndProject
Project("{2150E333-8FDC-42A3-9474-1A3956D46DE8}") = "Form", "Form", "{7E9E1E34-7B42-4457-9684-ACB4DF06847C}"
EndProject
Project("{9A19103F-16F7-4668-BE54-9A1E7A4F7556}") = "Session.API", "src\Services\Session\Session.API\Session.API.csproj", "{A7A1C558-3A0D-4C56-B56D-900C3E312A08}"
EndProject
Project("{2150E333-8FDC-42A3-9474-1A3956D46DE8}") = "Session", "Session", "{0F625FF7-6EE2-4EBC-B670-96F7EEBA950A}"
EndProject
Project("{2150E333-8FDC-42A3-9474-1A3956D46DE8}") = "Record", "Record", "{6C8741F0-7F44-4680-9595-1C15FCADE46D}"
EndProject
Project("{FAE04EC0-301F-11D3-BF4B-00C04F79EFBC}") = "Record.API", "Record.API\Record.API.csproj", "{09A4A909-9F02-42EE-8AC8-476DAC2652D6}"
EndProject
Project("{FAE04EC0-301F-11D3-BF4B-00C04F79EFBC}") = "WebMVCContact", "src\WebApps\WebMVCContact\WebMVCContact.csproj", "{751D48C2-7116-45C8-A002-D7DC2F439F45}"
EndProject
Project("{9A19103F-16F7-4668-BE54-9A1E7A4F7556}") = "Log.API", "Log.API\Log.API.csproj", "{A3926C19-79DE-4EF0-93B6-21C9CA47A955}"
EndProject
Project("{2150E333-8FDC-42A3-9474-1A3956D46DE8}") = "Logs", "Logs", "{530B0A9E-8AF0-4C56-97BB-D591DB6FC4F5}"
EndProject
Global
	GlobalSection(SolutionConfigurationPlatforms) = preSolution
		Debug|Any CPU = Debug|Any CPU
		Release|Any CPU = Release|Any CPU
	EndGlobalSection
	GlobalSection(ProjectConfigurationPlatforms) = postSolution
		{87C9A20D-9587-4D6F-B35E-B4C161C86EA6}.Debug|Any CPU.ActiveCfg = Debug|Any CPU
		{87C9A20D-9587-4D6F-B35E-B4C161C86EA6}.Debug|Any CPU.Build.0 = Debug|Any CPU
		{87C9A20D-9587-4D6F-B35E-B4C161C86EA6}.Release|Any CPU.ActiveCfg = Release|Any CPU
		{87C9A20D-9587-4D6F-B35E-B4C161C86EA6}.Release|Any CPU.Build.0 = Release|Any CPU
		{DD354EA8-7E5D-46B2-8AC3-9445D30E8F82}.Debug|Any CPU.ActiveCfg = Debug|Any CPU
		{DD354EA8-7E5D-46B2-8AC3-9445D30E8F82}.Debug|Any CPU.Build.0 = Debug|Any CPU
		{DD354EA8-7E5D-46B2-8AC3-9445D30E8F82}.Release|Any CPU.ActiveCfg = Release|Any CPU
		{DD354EA8-7E5D-46B2-8AC3-9445D30E8F82}.Release|Any CPU.Build.0 = Release|Any CPU
		{35D0E5B5-315A-4B2B-95AC-CCBA9170D10C}.Debug|Any CPU.ActiveCfg = Debug|Any CPU
		{35D0E5B5-315A-4B2B-95AC-CCBA9170D10C}.Debug|Any CPU.Build.0 = Debug|Any CPU
		{35D0E5B5-315A-4B2B-95AC-CCBA9170D10C}.Release|Any CPU.ActiveCfg = Release|Any CPU
		{35D0E5B5-315A-4B2B-95AC-CCBA9170D10C}.Release|Any CPU.Build.0 = Release|Any CPU
		{514D5385-0445-4687-B80F-923E56CA8326}.Debug|Any CPU.ActiveCfg = Debug|Any CPU
		{514D5385-0445-4687-B80F-923E56CA8326}.Debug|Any CPU.Build.0 = Debug|Any CPU
		{514D5385-0445-4687-B80F-923E56CA8326}.Release|Any CPU.ActiveCfg = Release|Any CPU
		{514D5385-0445-4687-B80F-923E56CA8326}.Release|Any CPU.Build.0 = Release|Any CPU
		{2223B09A-07B2-4278-ABCD-696DC712E4FA}.Debug|Any CPU.ActiveCfg = Debug|Any CPU
		{2223B09A-07B2-4278-ABCD-696DC712E4FA}.Debug|Any CPU.Build.0 = Debug|Any CPU
		{2223B09A-07B2-4278-ABCD-696DC712E4FA}.Release|Any CPU.ActiveCfg = Release|Any CPU
		{2223B09A-07B2-4278-ABCD-696DC712E4FA}.Release|Any CPU.Build.0 = Release|Any CPU
		{94AA9DAF-84F4-47B5-8EB8-BF0AF0471DF1}.Debug|Any CPU.ActiveCfg = Debug|Any CPU
		{94AA9DAF-84F4-47B5-8EB8-BF0AF0471DF1}.Debug|Any CPU.Build.0 = Debug|Any CPU
		{94AA9DAF-84F4-47B5-8EB8-BF0AF0471DF1}.Release|Any CPU.ActiveCfg = Release|Any CPU
		{94AA9DAF-84F4-47B5-8EB8-BF0AF0471DF1}.Release|Any CPU.Build.0 = Release|Any CPU
		{BBD96942-BA32-455B-801E-91DD87C6C391}.Debug|Any CPU.ActiveCfg = Debug|Any CPU
		{BBD96942-BA32-455B-801E-91DD87C6C391}.Debug|Any CPU.Build.0 = Debug|Any CPU
		{BBD96942-BA32-455B-801E-91DD87C6C391}.Release|Any CPU.ActiveCfg = Release|Any CPU
		{BBD96942-BA32-455B-801E-91DD87C6C391}.Release|Any CPU.Build.0 = Release|Any CPU
		{338E2674-DA78-4B0D-95E4-2C2E28D55107}.Debug|Any CPU.ActiveCfg = Debug|Any CPU
		{338E2674-DA78-4B0D-95E4-2C2E28D55107}.Debug|Any CPU.Build.0 = Debug|Any CPU
		{338E2674-DA78-4B0D-95E4-2C2E28D55107}.Release|Any CPU.ActiveCfg = Release|Any CPU
		{338E2674-DA78-4B0D-95E4-2C2E28D55107}.Release|Any CPU.Build.0 = Release|Any CPU
		{29EA3062-8401-412B-998B-1A870CDD6D2A}.Debug|Any CPU.ActiveCfg = Debug|Any CPU
		{29EA3062-8401-412B-998B-1A870CDD6D2A}.Debug|Any CPU.Build.0 = Debug|Any CPU
		{29EA3062-8401-412B-998B-1A870CDD6D2A}.Release|Any CPU.ActiveCfg = Release|Any CPU
		{29EA3062-8401-412B-998B-1A870CDD6D2A}.Release|Any CPU.Build.0 = Release|Any CPU
		{C3EEEDC8-B9EC-443F-8B78-FC9D8A68AE97}.Debug|Any CPU.ActiveCfg = Debug|Any CPU
		{C3EEEDC8-B9EC-443F-8B78-FC9D8A68AE97}.Debug|Any CPU.Build.0 = Debug|Any CPU
		{C3EEEDC8-B9EC-443F-8B78-FC9D8A68AE97}.Release|Any CPU.ActiveCfg = Release|Any CPU
		{C3EEEDC8-B9EC-443F-8B78-FC9D8A68AE97}.Release|Any CPU.Build.0 = Release|Any CPU
		{A7A1C558-3A0D-4C56-B56D-900C3E312A08}.Debug|Any CPU.ActiveCfg = Debug|Any CPU
		{A7A1C558-3A0D-4C56-B56D-900C3E312A08}.Debug|Any CPU.Build.0 = Debug|Any CPU
		{A7A1C558-3A0D-4C56-B56D-900C3E312A08}.Release|Any CPU.ActiveCfg = Release|Any CPU
		{A7A1C558-3A0D-4C56-B56D-900C3E312A08}.Release|Any CPU.Build.0 = Release|Any CPU
		{751D48C2-7116-45C8-A002-D7DC2F439F45}.Debug|Any CPU.ActiveCfg = Debug|Any CPU
		{751D48C2-7116-45C8-A002-D7DC2F439F45}.Debug|Any CPU.Build.0 = Debug|Any CPU
		{751D48C2-7116-45C8-A002-D7DC2F439F45}.Release|Any CPU.ActiveCfg = Release|Any CPU
		{751D48C2-7116-45C8-A002-D7DC2F439F45}.Release|Any CPU.Build.0 = Release|Any CPU
		{09A4A909-9F02-42EE-8AC8-476DAC2652D6}.Debug|Any CPU.ActiveCfg = Debug|Any CPU
		{09A4A909-9F02-42EE-8AC8-476DAC2652D6}.Debug|Any CPU.Build.0 = Debug|Any CPU
		{09A4A909-9F02-42EE-8AC8-476DAC2652D6}.Release|Any CPU.ActiveCfg = Release|Any CPU
		{09A4A909-9F02-42EE-8AC8-476DAC2652D6}.Release|Any CPU.Build.0 = Release|Any CPU
		{A3926C19-79DE-4EF0-93B6-21C9CA47A955}.Debug|Any CPU.ActiveCfg = Debug|Any CPU
		{A3926C19-79DE-4EF0-93B6-21C9CA47A955}.Debug|Any CPU.Build.0 = Debug|Any CPU
		{A3926C19-79DE-4EF0-93B6-21C9CA47A955}.Release|Any CPU.ActiveCfg = Release|Any CPU
		{A3926C19-79DE-4EF0-93B6-21C9CA47A955}.Release|Any CPU.Build.0 = Release|Any CPU
	EndGlobalSection
	GlobalSection(SolutionProperties) = preSolution
		HideSolutionNode = FALSE
	EndGlobalSection
	GlobalSection(NestedProjects) = preSolution
		{87C9A20D-9587-4D6F-B35E-B4C161C86EA6} = {7E2AF28B-2137-400B-916B-77B3A72164FD}
		{DD354EA8-7E5D-46B2-8AC3-9445D30E8F82} = {A49227D9-BFE8-4CEC-BFBE-E5919DD5496A}
		{3E142215-3AE1-4BCE-8BB6-E947500874B9} = {907F031E-3C6E-4556-A0E9-75E06F7CB6A3}
		{35D0E5B5-315A-4B2B-95AC-CCBA9170D10C} = {3E142215-3AE1-4BCE-8BB6-E947500874B9}
		{3C0E6879-BA17-476E-9292-18C43549D2F3} = {907F031E-3C6E-4556-A0E9-75E06F7CB6A3}
		{7E2AF28B-2137-400B-916B-77B3A72164FD} = {907F031E-3C6E-4556-A0E9-75E06F7CB6A3}
		{058DA973-1B46-4480-B1F5-D0AA67863D49} = {907F031E-3C6E-4556-A0E9-75E06F7CB6A3}
		{514D5385-0445-4687-B80F-923E56CA8326} = {B6DC6DE9-2A6E-45C2-ACF0-84F3C826BFD2}
		{8B8CDD08-617C-4E01-BAED-4AB68B4CEED4} = {3E142215-3AE1-4BCE-8BB6-E947500874B9}
		{2223B09A-07B2-4278-ABCD-696DC712E4FA} = {8B8CDD08-617C-4E01-BAED-4AB68B4CEED4}
		{94AA9DAF-84F4-47B5-8EB8-BF0AF0471DF1} = {8B8CDD08-617C-4E01-BAED-4AB68B4CEED4}
		{BBD96942-BA32-455B-801E-91DD87C6C391} = {058DA973-1B46-4480-B1F5-D0AA67863D49}
		{338E2674-DA78-4B0D-95E4-2C2E28D55107} = {FF7CD4B4-E737-4025-B352-42FEBF18B4D3}
		{FF7CD4B4-E737-4025-B352-42FEBF18B4D3} = {3C0E6879-BA17-476E-9292-18C43549D2F3}
		{C219123B-739E-4EEC-87CC-BB10B4EFED51} = {FF7CD4B4-E737-4025-B352-42FEBF18B4D3}
		{A49227D9-BFE8-4CEC-BFBE-E5919DD5496A} = {3C0E6879-BA17-476E-9292-18C43549D2F3}
		{B6DC6DE9-2A6E-45C2-ACF0-84F3C826BFD2} = {3C0E6879-BA17-476E-9292-18C43549D2F3}
		{29EA3062-8401-412B-998B-1A870CDD6D2A} = {C219123B-739E-4EEC-87CC-BB10B4EFED51}
		{C3EEEDC8-B9EC-443F-8B78-FC9D8A68AE97} = {7E9E1E34-7B42-4457-9684-ACB4DF06847C}
		{7E9E1E34-7B42-4457-9684-ACB4DF06847C} = {3C0E6879-BA17-476E-9292-18C43549D2F3}
		{A7A1C558-3A0D-4C56-B56D-900C3E312A08} = {0F625FF7-6EE2-4EBC-B670-96F7EEBA950A}
		{0F625FF7-6EE2-4EBC-B670-96F7EEBA950A} = {3C0E6879-BA17-476E-9292-18C43549D2F3}
		{751D48C2-7116-45C8-A002-D7DC2F439F45} = {058DA973-1B46-4480-B1F5-D0AA67863D49}
		{6C8741F0-7F44-4680-9595-1C15FCADE46D} = {3C0E6879-BA17-476E-9292-18C43549D2F3}
		{09A4A909-9F02-42EE-8AC8-476DAC2652D6} = {6C8741F0-7F44-4680-9595-1C15FCADE46D}
		{A3926C19-79DE-4EF0-93B6-21C9CA47A955} = {530B0A9E-8AF0-4C56-97BB-D591DB6FC4F5}
		{530B0A9E-8AF0-4C56-97BB-D591DB6FC4F5} = {3C0E6879-BA17-476E-9292-18C43549D2F3}
	EndGlobalSection
	GlobalSection(ExtensibilityGlobals) = postSolution
		SolutionGuid = {1EC7130E-6989-44D9-985B-F8AC26065572}
	EndGlobalSection
EndGlobal
